
Microsoft Visual Studio Solution File, Format Version 12.00
# Visual Studio 2012
Project("{FAE04EC0-301F-11D3-BF4B-00C04F79EFBC}") = "LeapUser", "LeapUser\LeapUser.csproj", "{574B1B10-5A2E-49C2-840B-52177DE77AE2}"
EndProject
Global
	GlobalSection(SolutionConfigurationPlatforms) = preSolution
		Debug|iPhoneSimulator = Debug|iPhoneSimulator
		Release|iPhone = Release|iPhone
		Release|iPhoneSimulator = Release|iPhoneSimulator
		Debug|iPhone = Debug|iPhone
	EndGlobalSection
	GlobalSection(ProjectConfigurationPlatforms) = postSolution
		{574B1B10-5A2E-49C2-840B-52177DE77AE2}.Debug|iPhoneSimulator.ActiveCfg = Debug|iPhoneSimulator
		{574B1B10-5A2E-49C2-840B-52177DE77AE2}.Debug|iPhoneSimulator.Build.0 = Debug|iPhoneSimulator
		{574B1B10-5A2E-49C2-840B-52177DE77AE2}.Release|iPhone.ActiveCfg = Release|iPhone
		{574B1B10-5A2E-49C2-840B-52177DE77AE2}.Release|iPhone.Build.0 = Release|iPhone
		{574B1B10-5A2E-49C2-840B-52177DE77AE2}.Release|iPhoneSimulator.ActiveCfg = Release|iPhoneSimulator
		{574B1B10-5A2E-49C2-840B-52177DE77AE2}.Release|iPhoneSimulator.Build.0 = Release|iPhoneSimulator
		{574B1B10-5A2E-49C2-840B-52177DE77AE2}.Debug|iPhone.ActiveCfg = Debug|iPhone
		{574B1B10-5A2E-49C2-840B-52177DE77AE2}.Debug|iPhone.Build.0 = Debug|iPhone
	EndGlobalSection
EndGlobal
